{
  "name": "monaco-html",
  "version": "0.0.1",
  "lockfileVersion": 1,
  "requires": true,
  "dependencies": {
    "buffer-from": {
      "version": "1.1.2",
      "resolved": "https://registry.npmjs.org/buffer-from/-/buffer-from-1.1.2.tgz",
      "integrity": "sha512-E+XQCRwSbaaiChtv6k6Dwgc+bx+Bs6vuKJHHl5kox/BaKbhiXzqQOwK4cO22yElGp2OCmjwVhT3HmxgyPGnJfQ==",
      "dev": true
    },
    "commander": {
      "version": "2.20.3",
      "resolved": "https://registry.npmjs.org/commander/-/commander-2.20.3.tgz",
      "integrity": "sha512-GpVkmM8vF2vQUkj2LvZmD35JxeJOLCwJ9cUkugyk2nuhbv3+mJvpLYYt+0+USMxE+oj+ey/lJEnhZw75x/OMcQ==",
      "dev": true
    },
    "fs-extra": {
      "version": "8.1.0",
      "resolved": "https://registry.npmjs.org/fs-extra/-/fs-extra-8.1.0.tgz",
      "integrity": "sha512-yhlQgA6mnOJUKOsRUFsgJdQCvkKhcz8tlZG5HBQfReYZy46OwLcY+Zia0mtdHsOo9y/hP+CxMN0TU9QxoOtG4g==",
      "dev": true,
      "requires": {
        "graceful-fs": "^4.2.0",
        "jsonfile": "^4.0.0",
        "universalify": "^0.1.0"
      }
    },
    "graceful-fs": {
      "version": "4.2.10",
      "resolved": "https://registry.npmjs.org/graceful-fs/-/graceful-fs-4.2.10.tgz",
      "integrity": "sha512-9ByhssR2fPVsNZj478qUUbKfmL0+t5BDVyjShtyZZLiK7ZDAArFFfopyOTj0M05wE2tJPisA4iTnnXl2YoPvOA==",
      "dev": true
    },
    "jsonfile": {
      "version": "4.0.0",
      "resolved": "https://registry.npmjs.org/jsonfile/-/jsonfile-4.0.0.tgz",
      "integrity": "sha512-m6F1R3z8jjlf2imQHS2Qez5sjKWQzbuuhuJ/FKYFRZvPE3PuHcSMVZzfsLhGVOkfd20obL5SWEBew5ShlquNxg==",
      "dev": true,
      "requires": {
        "graceful-fs": "^4.1.6"
      }
    },
    "monaco-editor-core": {
      "version": "0.19.0",
      "resolved": "https://registry.npmjs.org/monaco-editor-core/-/monaco-editor-core-0.19.0.tgz",
      "integrity": "sha512-wD60zpYDhsuJbzzLQigAteK2cA5fkuaDn+4c7NLwm/526OX5eL6MMvLhfvRgrDvLO00SYhFf6vz1y1C8M1hTpQ==",
      "dev": true
    },
    "monaco-languages": {
      "version": "1.9.0",
      "resolved": "https://registry.npmjs.org/monaco-languages/-/monaco-languages-1.9.0.tgz",
      "integrity": "sha512-FAP2tF4Kwz5xYEBO3iSoyYAFjnk6IpW9YSMjnkNIR8bqb21uT7pZFSRu3j1MdoG0c+P/LdQH/VSHSXBTI5wdbw==",
      "dev": true
    },
    "monaco-plugin-helpers": {
      "version": "1.0.2",
      "resolved": "https://registry.npmjs.org/monaco-plugin-helpers/-/monaco-plugin-helpers-1.0.2.tgz",
      "integrity": "sha512-7kUx8dtd5qVNVgUARBRhnM8oftPglYwlINfigC4yGUiuzqtIN22u1tly8umiOCIPR0eFiBLjt6aN23oZh2QJgg==",
      "dev": true,
      "requires": {
        "typescript": "^2.7.2"
      },
      "dependencies": {
        "typescript": {
          "version": "2.9.2",
          "resolved": "https://registry.npmjs.org/typescript/-/typescript-2.9.2.tgz",
          "integrity": "sha512-Gr4p6nFNaoufRIY4NMdpQRNmgxVIGMs4Fcu/ujdYk3nAZqk7supzBE9idmvfZIlH/Cuj//dvi+019qEue9lV0w==",
          "dev": true
        }
      }
    },
    "monaco-typescript": {
      "version": "3.7.0",
      "resolved": "https://registry.npmjs.org/monaco-typescript/-/monaco-typescript-3.7.0.tgz",
      "integrity": "sha512-xo+nHP7AOdFvHtMqg7hZquQziBuHsaG7hXGXiUuOHj9unJmIyi1uhGuvuQqIJWv+jHd19xGNWTF+KOdaXhksIw==",
      "dev": true
    },
    "requirejs": {
      "version": "2.3.6",
      "resolved": "https://registry.npmjs.org/requirejs/-/requirejs-2.3.6.tgz",
      "integrity": "sha512-ipEzlWQe6RK3jkzikgCupiTbTvm4S0/CAU5GlgptkN5SO6F3u0UD0K18wy6ErDqiCyP4J4YYe1HuAShvsxePLg==",
      "dev": true
    },
    "source-map": {
      "version": "0.6.1",
      "resolved": "https://registry.npmjs.org/source-map/-/source-map-0.6.1.tgz",
      "integrity": "sha512-UjgapumWlbMhkBgzT7Ykc5YXUT46F0iKu8SGXq0bcwP5dz/h0Plj6enJqjz1Zbq2l5WaqYnrVbwWOWMyF3F47g==",
      "dev": true
    },
    "source-map-support": {
      "version": "0.5.21",
      "resolved": "https://registry.npmjs.org/source-map-support/-/source-map-support-0.5.21.tgz",
      "integrity": "sha512-uBHU3L3czsIyYXKX88fdrGovxdSCoTGDRZ6SYXtSRxLZUzHg5P/66Ht6uoUlHu9EZod+inXhKo3qQgwXUT/y1w==",
      "dev": true,
      "requires": {
        "buffer-from": "^1.0.0",
        "source-map": "^0.6.0"
      }
    },
    "terser": {
      "version": "4.8.1",
      "resolved": "https://registry.npmjs.org/terser/-/terser-4.8.1.tgz",
      "integrity": "sha512-4GnLC0x667eJG0ewJTa6z/yXrbLGv80D9Ru6HIpCQmO+Q4PfEtBFi0ObSckqwL6VyQv/7ENJieXHo2ANmdQwgw==",
      "dev": true,
      "requires": {
        "commander": "^2.20.0",
        "source-map": "~0.6.1",
        "source-map-support": "~0.5.12"
      }
    },
    "typescript": {
      "version": "3.7.3",
      "resolved": "https://registry.npmjs.org/typescript/-/typescript-3.7.3.tgz",
      "integrity": "sha512-Mcr/Qk7hXqFBXMN7p7Lusj1ktCBydylfQM/FZCk5glCNQJrCUKPkMHdo9R0MTFWsC/4kPFvDS0fDPvukfCkFsw==",
      "dev": true
    },
    "universalify": {
      "version": "0.1.2",
      "resolved": "https://registry.npmjs.org/universalify/-/universalify-0.1.2.tgz",
      "integrity": "sha512-rBJeI5CXAlmy1pV+617WB9J63U6XcazHHF2f2dbJix4XzpUF0RS3Zbj0FGIOCAva5P/d/GBOYaACQ1w+0azUkg==",
      "dev": true
    },
    "vscode-css-languageservice": {
      "version": "4.4.0",
      "resolved": "https://registry.npmjs.org/vscode-css-languageservice/-/vscode-css-languageservice-4.4.0.tgz",
      "integrity": "sha512-jWi+297PJUUWTHwlcrZz0zIuEXuHOBJIQMapXmEzbosWGv/gMnNSAMV4hTKnl5wzxvZKZzV6j+WFdrSlKQ5qnw==",
      "dev": true,
      "requires": {
        "vscode-languageserver-textdocument": "^1.0.1",
        "vscode-languageserver-types": "3.16.0-next.2",
        "vscode-nls": "^5.0.0",
        "vscode-uri": "^2.1.2"
      },
      "dependencies": {
        "vscode-languageserver-textdocument": {
          "version": "1.0.5",
          "resolved": "https://registry.npmjs.org/vscode-languageserver-textdocument/-/vscode-languageserver-textdocument-1.0.5.tgz",
          "integrity": "sha512-1ah7zyQjKBudnMiHbZmxz5bYNM9KKZYz+5VQLj+yr8l+9w3g+WAhCkUkWbhMEdC5u0ub4Ndiye/fDyS8ghIKQg==",
          "dev": true
        },
        "vscode-languageserver-types": {
          "version": "3.16.0-next.2",
          "resolved": "https://registry.npmjs.org/vscode-languageserver-types/-/vscode-languageserver-types-3.16.0-next.2.tgz",
          "integrity": "sha512-QjXB7CKIfFzKbiCJC4OWC8xUncLsxo19FzGVp/ADFvvi87PlmBSCAtZI5xwGjF5qE0xkLf0jjKUn3DzmpDP52Q==",
          "dev": true
        },
        "vscode-nls": {
          "version": "5.0.1",
          "resolved": "https://registry.npmjs.org/vscode-nls/-/vscode-nls-5.0.1.tgz",
          "integrity": "sha512-hHQV6iig+M21lTdItKPkJAaWrxALQb/nqpVffakO4knJOh3DrU2SXOMzUzNgo1eADPzu3qSsJY1weCzvR52q9A==",
          "dev": true
        },
        "vscode-uri": {
          "version": "2.1.2",
          "resolved": "https://registry.npmjs.org/vscode-uri/-/vscode-uri-2.1.2.tgz",
          "integrity": "sha512-8TEXQxlldWAuIODdukIb+TR5s+9Ds40eSJrw+1iDDA9IFORPjMELarNQE3myz5XIkWWpdprmJjm1/SxMlWOC8A==",
          "dev": true
        }
      }
    },
    "vscode-html-languageservice": {
      "version": "3.0.4-next.12",
      "resolved": "https://registry.npmjs.org/vscode-html-languageservice/-/vscode-html-languageservice-3.0.4-next.12.tgz",
      "integrity": "sha512-/wii3f22RildoI5M6Li2KNMeHTS3xt3ECgQmu5fGkG57rcxzIhO7XlKlozBCG+/NHzWss0lB30c0nfWvIKsn9g==",
      "dev": true,
      "requires": {
        "vscode-languageserver-textdocument": "^1.0.0-next.5",
        "vscode-languageserver-types": "^3.15.0-next.6",
        "vscode-nls": "^4.1.1",
        "vscode-uri": "^2.1.1"
      },
      "dependencies": {
        "vscode-languageserver-types": {
          "version": "3.15.0-next.9",
          "resolved": "https://registry.npmjs.org/vscode-languageserver-types/-/vscode-languageserver-types-3.15.0-next.9.tgz",
          "integrity": "sha512-Rl/8qJ6932nrHCdPn+9y0x08uLVQaSLRG+U4JzhyKpWU4eJbVaDRoAcz1Llj7CErJGbPr6kdBvShPy5fRfR+Uw==",
          "dev": true
        }
      }
    },
    "vscode-languageserver-textdocument": {
      "version": "1.0.0-next.5",
      "resolved": "https://registry.npmjs.org/vscode-languageserver-textdocument/-/vscode-languageserver-textdocument-1.0.0-next.5.tgz",
      "integrity": "sha512-1jp/zAidN/bF/sqPimhBX1orH5G4rzRw63k75TesukJDuxm8yW79ECStWbDSy41BHGOwSGN4M69QFvhancSr5A==",
      "dev": true
    },
    "vscode-languageserver-types": {
      "version": "3.15.0-next.9",
      "resolved": "https://registry.npmjs.org/vscode-languageserver-types/-/vscode-languageserver-types-3.15.0-next.9.tgz",
      "integrity": "sha512-Rl/8qJ6932nrHCdPn+9y0x08uLVQaSLRG+U4JzhyKpWU4eJbVaDRoAcz1Llj7CErJGbPr6kdBvShPy5fRfR+Uw==",
      "dev": true
    },
    "vscode-nls": {
      "version": "4.1.1",
      "resolved": "https://registry.npmjs.org/vscode-nls/-/vscode-nls-4.1.1.tgz",
      "integrity": "sha512-4R+2UoUUU/LdnMnFjePxfLqNhBS8lrAFyX7pjb2ud/lqDkrUavFUTcG7wR0HBZFakae0Q6KLBFjMS6W93F403A==",
      "dev": true
    },
    "vscode-uri": {
      "version": "2.1.1",
      "resolved": "https://registry.npmjs.org/vscode-uri/-/vscode-uri-2.1.1.tgz",
      "integrity": "sha512-eY9jmGoEnVf8VE8xr5znSah7Qt1P/xsCdErz+g8HYZtJ7bZqKH5E3d+6oVNm1AC/c6IHUDokbmVXKOi4qPAC9A==",
      "dev": true
    }
  }
}
